
Microsoft Visual Studio Solution File, Format Version 12.00
# Visual Studio 15
VisualStudioVersion = 15.0.27130.2027
MinimumVisualStudioVersion = 10.0.40219.1
Project("{FAE04EC0-301F-11D3-BF4B-00C04F79EFBC}") = "Mpc.EfPredicateBuilder.PresentationApi", "Mpc.EfPredicateBuilder.PresentationApi\Mpc.EfPredicateBuilder.PresentationApi.csproj", "{9F7949FA-DCFA-4ECB-8275-8DC78BEE5A33}"
EndProject
Project("{FAE04EC0-301F-11D3-BF4B-00C04F79EFBC}") = "Mpc.EfPredicateBuilder.Repository", "Mpc.EfPredicateBuilder.Repository\Mpc.EfPredicateBuilder.Repository.csproj", "{1E61DE99-7385-4929-ADAF-3FCF6193DB45}"
EndProject
Global
	GlobalSection(SolutionConfigurationPlatforms) = preSolution
		Debug|Any CPU = Debug|Any CPU
		Release|Any CPU = Release|Any CPU
	EndGlobalSection
	GlobalSection(ProjectConfigurationPlatforms) = postSolution
		{9F7949FA-DCFA-4ECB-8275-8DC78BEE5A33}.Debug|Any CPU.ActiveCfg = Debug|Any CPU
		{9F7949FA-DCFA-4ECB-8275-8DC78BEE5A33}.Debug|Any CPU.Build.0 = Debug|Any CPU
		{9F7949FA-DCFA-4ECB-8275-8DC78BEE5A33}.Release|Any CPU.ActiveCfg = Release|Any CPU
		{9F7949FA-DCFA-4ECB-8275-8DC78BEE5A33}.Release|Any CPU.Build.0 = Release|Any CPU
		{1E61DE99-7385-4929-ADAF-3FCF6193DB45}.Debug|Any CPU.ActiveCfg = Debug|Any CPU
		{1E61DE99-7385-4929-ADAF-3FCF6193DB45}.Debug|Any CPU.Build.0 = Debug|Any CPU
		{1E61DE99-7385-4929-ADAF-3FCF6193DB45}.Release|Any CPU.ActiveCfg = Release|Any CPU
		{1E61DE99-7385-4929-ADAF-3FCF6193DB45}.Release|Any CPU.Build.0 = Release|Any CPU
	EndGlobalSection
	GlobalSection(SolutionProperties) = preSolution
		HideSolutionNode = FALSE
	EndGlobalSection
	GlobalSection(ExtensibilityGlobals) = postSolution
		SolutionGuid = {69B6881E-2B1F-41F1-A3EB-E6BA7472C979}
	EndGlobalSection
EndGlobal
